Microsoft Visual Studio Solution File, Format Version 12.00
# Visual Studio Version 17
VisualStudioVersion = 17.5.2.0
MinimumVisualStudioVersion = 10.0.40219.1
Project("{FAE04EC0-301F-11D3-BF4B-00C04F79EFBC}") = "hw1", "hw1\hw1.csproj", "{E1091BFD-E141-3BB6-7FC6-6B3ECECDACB6}"
EndProject
Global
	GlobalSection(SolutionConfigurationPlatforms) = preSolution
		Debug|Any CPU = Debug|Any CPU
		Release|Any CPU = Release|Any CPU
	EndGlobalSection
	GlobalSection(ProjectConfigurationPlatforms) = postSolution
		{E1091BFD-E141-3BB6-7FC6-6B3ECECDACB6}.Debug|Any CPU.ActiveCfg = Debug|Any CPU
		{E1091BFD-E141-3BB6-7FC6-6B3ECECDACB6}.Debug|Any CPU.Build.0 = Debug|Any CPU
		{E1091BFD-E141-3BB6-7FC6-6B3ECECDACB6}.Release|Any CPU.ActiveCfg = Release|Any CPU
		{E1091BFD-E141-3BB6-7FC6-6B3ECECDACB6}.Release|Any CPU.Build.0 = Release|Any CPU
	EndGlobalSection
	GlobalSection(SolutionProperties) = preSolution
		HideSolutionNode = FALSE
	EndGlobalSection
	GlobalSection(ExtensibilityGlobals) = postSolution
		SolutionGuid = {F04116A7-A291-4825-AF22-830726BF522C}
	EndGlobalSection
EndGlobal
